<?xml version="1.0" encoding="utf-8"?>
<Project ToolsVersion="4.0" xmlns="http://schemas.microsoft.com/developer/msbuild/2003">
  <ItemGroup>
    <Filter Include="소스 파일">
      <UniqueIdentifier>{4FC737F1-C7A5-4376-A066-2A32D752A2FF}</UniqueIdentifier>
      <Extensions>cpp;c;cc;cxx;c++;cppm;ixx;def;odl;idl;hpj;bat;asm;asmx</Extensions>
    </Filter>
    <Filter Include="헤더 파일">
      <UniqueIdentifier>{93995380-89BD-4b04-88EB-625FBE52EBFB}</UniqueIdentifier>
      <Extensions>h;hh;hpp;hxx;h++;hm;inl;inc;ipp;xsd</Extensions>
    </Filter>
    <Filter Include="리소스 파일">
      <UniqueIdentifier>{67DA6AB6-F800-4c08-8B7A-83BB121AAD01}</UniqueIdentifier>
      <Extensions>rc;ico;cur;bmp;dlg;rc2;rct;bin;rgs;gif;jpg;jpeg;jpe;resx;tiff;tif;png;wav;mfcribbon-ms</Extensions>
    </Filter>
    <Filter Include="소스 파일\p0903">
      <UniqueIdentifier>{58ebea74-83d1-4ead-9a9b-1b591895d52f}</UniqueIdentifier>
    </Filter>
    <Filter Include="소스 파일\p0909">
      <UniqueIdentifier>{e206b083-b87a-4805-b7df-8e7d5b390e68}</UniqueIdentifier>
    </Filter>
    <Filter Include="소스 파일\p0912">
      <UniqueIdentifier>{e9531325-778b-4dcd-8c03-bd5b15ccedca}</UniqueIdentifier>
    </Filter>
    <Filter Include="소스 파일\p0916">
      <UniqueIdentifier>{c48047b7-1563-4297-ab5b-85d70cbe9f6b}</UniqueIdentifier>
    </Filter>
    <Filter Include="소스 파일\p0922">
      <UniqueIdentifier>{12ec6517-1bc5-46e3-8e38-8b628c649644}</UniqueIdentifier>
    </Filter>
    <Filter Include="소스 파일\p0926">
      <UniqueIdentifier>{78a122af-a654-4aa6-97eb-f012c1fe8102}</UniqueIdentifier>
    </Filter>
    <Filter Include="소스 파일\p0930">
      <UniqueIdentifier>{920e04b7-7b15-47b6-8dd6-e31757c883f3}</UniqueIdentifier>
    </Filter>
    <Filter Include="소스 파일\p1001">
      <UniqueIdentifier>{051d0e18-c600-4a4a-b084-a42100ea802c}</UniqueIdentifier>
    </Filter>
    <Filter Include="소스 파일\p1007">
      <UniqueIdentifier>{bb17b17c-db88-48f9-98c3-d71ded9d3de9}</UniqueIdentifier>
    </Filter>
    <Filter Include="소스 파일\p1011">
      <UniqueIdentifier>{041b84c2-b6fb-4b0f-b1ab-0e412daccaea}</UniqueIdentifier>
    </Filter>
    <Filter Include="소스 파일\p1015">
      <UniqueIdentifier>{af066acf-40dc-40f6-81b8-f8f6e121e78f}</UniqueIdentifier>
    </Filter>
    <Filter Include="소스 파일\p1021">
      <UniqueIdentifier>{5b9cbec9-c3dd-4727-8939-b54f989ef316}</UniqueIdentifier>
    </Filter>
    <Filter Include="소스 파일\midterm">
      <UniqueIdentifier>{8f86284d-3edd-48ee-a136-2ad7151abaf0}</UniqueIdentifier>
    </Filter>
    <Filter Include="소스 파일\p1103">
      <UniqueIdentifier>{41afdded-1c0a-4453-bcb5-43388aa549d5}</UniqueIdentifier>
    </Filter>
    <Filter Include="소스 파일\p1106">
      <UniqueIdentifier>{076c09ac-5c45-4c76-9606-59f2604127ad}</UniqueIdentifier>
    </Filter>
  </ItemGroup>
  <ItemGroup>
    <ClCompile Include="p0903\lab2.cpp">
      <Filter>소스 파일\p0903</Filter>
    </ClCompile>
    <ClCompile Include="p0903\skeleton.cpp">
      <Filter>소스 파일\p0903</Filter>
    </ClCompile>
    <ClCompile Include="p0909\lab2.cpp">
      <Filter>소스 파일\p0909</Filter>
    </ClCompile>
    <ClCompile Include="p0909\lab3.cpp">
      <Filter>소스 파일\p0909</Filter>
    </ClCompile>
    <ClCompile Include="p0909\question1.cpp">
      <Filter>소스 파일\p0909</Filter>
    </ClCompile>
    <ClCompile Include="p0912\lab1.cpp">
      <Filter>소스 파일\p0912</Filter>
    </ClCompile>
    <ClCompile Include="p0916\lab1.cpp">
      <Filter>소스 파일\p0916</Filter>
    </ClCompile>
    <ClCompile Include="p0916\SimpleCalc.cpp">
      <Filter>소스 파일\p0916</Filter>
    </ClCompile>
    <ClCompile Include="p0922\lab1-1.cpp">
      <Filter>소스 파일\p0922</Filter>
    </ClCompile>
    <ClCompile Include="p0922\lab1-2.cpp">
      <Filter>소스 파일\p0922</Filter>
    </ClCompile>
    <ClCompile Include="p0922\lab1-3.cpp">
      <Filter>소스 파일\p0922</Filter>
    </ClCompile>
    <ClCompile Include="p0926\1_assigning_value_pointer.cpp">
      <Filter>소스 파일\p0926</Filter>
    </ClCompile>
    <ClCompile Include="p0926\2_referencing_value_pointer.cpp">
      <Filter>소스 파일\p0926</Filter>
    </ClCompile>
    <ClCompile Include="p0926\3_const_pointer.cpp">
      <Filter>소스 파일\p0926</Filter>
    </ClCompile>
    <ClCompile Include="p0926\4_const_pointer.cpp">
      <Filter>소스 파일\p0926</Filter>
    </ClCompile>
    <ClCompile Include="p0926\5_const_pointer.cpp">
      <Filter>소스 파일\p0926</Filter>
    </ClCompile>
    <ClCompile Include="p0926\6_pointer_operation.cpp">
      <Filter>소스 파일\p0926</Filter>
    </ClCompile>
    <ClCompile Include="p0926\7_pointer_operator.cpp">
      <Filter>소스 파일\p0926</Filter>
    </ClCompile>
    <ClCompile Include="p0926\8_reference.cpp">
      <Filter>소스 파일\p0926</Filter>
    </ClCompile>
    <ClCompile Include="p0926\9_reference.cpp">
      <Filter>소스 파일\p0926</Filter>
    </ClCompile>
    <ClCompile Include="p0926\10_reference_array.cpp">
      <Filter>소스 파일\p0926</Filter>
    </ClCompile>
    <ClCompile Include="p0926\11_reference_fun_case1.cpp">
      <Filter>소스 파일\p0926</Filter>
    </ClCompile>
    <ClCompile Include="p0926\12_reference_fun_case2.cpp">
      <Filter>소스 파일\p0926</Filter>
    </ClCompile>
    <ClCompile Include="p0926\13_reference_fun_case3.cpp">
      <Filter>소스 파일\p0926</Filter>
    </ClCompile>
    <ClCompile Include="p0926\14_reference_fun_case5.cpp">
      <Filter>소스 파일\p0926</Filter>
    </ClCompile>
    <ClCompile Include="p0930\VendingMachine.cpp">
      <Filter>소스 파일\p0930</Filter>
    </ClCompile>
    <ClCompile Include="p1001\01_ctype_malloc.c">
      <Filter>소스 파일\p1001</Filter>
    </ClCompile>
    <ClCompile Include="p1001\02_dynamic_malloc.cpp">
      <Filter>소스 파일\p1001</Filter>
    </ClCompile>
    <ClCompile Include="p1001\03_dynamic_malloc.cpp">
      <Filter>소스 파일\p1001</Filter>
    </ClCompile>
    <ClCompile Include="p1001\04_struct.cpp">
      <Filter>소스 파일\p1001</Filter>
    </ClCompile>
    <ClCompile Include="p1001\05_object_class.cpp">
      <Filter>소스 파일\p1001</Filter>
    </ClCompile>
    <ClCompile Include="p1001\06_constructor.cpp">
      <Filter>소스 파일\p1001</Filter>
    </ClCompile>
    <ClCompile Include="p1001\07_constructor.cpp">
      <Filter>소스 파일\p1001</Filter>
    </ClCompile>
    <ClCompile Include="p1001\08_param_constructor.cpp">
      <Filter>소스 파일\p1001</Filter>
    </ClCompile>
    <ClCompile Include="p1001\09_copy_constructor.cpp">
      <Filter>소스 파일\p1001</Filter>
    </ClCompile>
    <ClCompile Include="p1001\10_destructor.cpp">
      <Filter>소스 파일\p1001</Filter>
    </ClCompile>
    <ClCompile Include="p1001\11_destructor.cpp">
      <Filter>소스 파일\p1001</Filter>
    </ClCompile>
    <ClCompile Include="p1007\01_function_overloading.cpp">
      <Filter>소스 파일\p1007</Filter>
    </ClCompile>
    <ClCompile Include="p1007\02_copy_constructor.cpp">
      <Filter>소스 파일\p1007</Filter>
    </ClCompile>
    <ClCompile Include="p1007\03_copy_constructor.cpp">
      <Filter>소스 파일\p1007</Filter>
    </ClCompile>
    <ClCompile Include="p1007\04_initializer_list.cpp">
      <Filter>소스 파일\p1007</Filter>
    </ClCompile>
    <ClCompile Include="p1007\05_static_variable.cpp">
      <Filter>소스 파일\p1007</Filter>
    </ClCompile>
    <ClCompile Include="p1007\06_static_function.cpp">
      <Filter>소스 파일\p1007</Filter>
    </ClCompile>
    <ClCompile Include="p1007\07_const_function.cpp">
      <Filter>소스 파일\p1007</Filter>
    </ClCompile>
    <ClCompile Include="p1007\08_this.cpp">
      <Filter>소스 파일\p1007</Filter>
    </ClCompile>
    <ClCompile Include="p1007\09_explict.cpp">
      <Filter>소스 파일\p1007</Filter>
    </ClCompile>
    <ClCompile Include="p1007\10_mutable.cpp">
      <Filter>소스 파일\p1007</Filter>
    </ClCompile>
    <ClCompile Include="p1011\TimingGame.cpp">
      <Filter>소스 파일\p1011</Filter>
    </ClCompile>
    <ClCompile Include="p1015\IntSet.cpp">
      <Filter>소스 파일\p1015</Filter>
    </ClCompile>
    <ClCompile Include="p1021\01_linked_list.cpp">
      <Filter>소스 파일\p1021</Filter>
    </ClCompile>
    <ClCompile Include="p1021\02_linked_list.cpp">
      <Filter>소스 파일\p1021</Filter>
    </ClCompile>
    <ClCompile Include="p1021\03_node_linkedlist.cpp">
      <Filter>소스 파일\p1021</Filter>
    </ClCompile>
    <ClCompile Include="midterm\01_LinkedList.cpp">
      <Filter>소스 파일\midterm</Filter>
    </ClCompile>
    <ClCompile Include="midterm\Point.cpp">
      <Filter>소스 파일\midterm</Filter>
    </ClCompile>
    <ClCompile Include="p1103\01_Inheritance.cpp">
      <Filter>소스 파일\p1103</Filter>
    </ClCompile>
    <ClCompile Include="p1103\02_Inheritance.cpp">
      <Filter>소스 파일\p1103</Filter>
    </ClCompile>
    <ClCompile Include="p1103\03_Constructor.cpp">
      <Filter>소스 파일\p1103</Filter>
    </ClCompile>
    <ClCompile Include="p1103\04_PrivateMember.cpp">
      <Filter>소스 파일\p1103</Filter>
    </ClCompile>
    <ClCompile Include="p1103\05_Overriding.cpp">
      <Filter>소스 파일\p1103</Filter>
    </ClCompile>
    <ClCompile Include="p1103\06_Protected.cpp">
      <Filter>소스 파일\p1103</Filter>
    </ClCompile>
    <ClCompile Include="p1103\07_Protected_Inher.cpp">
      <Filter>소스 파일\p1103</Filter>
    </ClCompile>
    <ClCompile Include="p1103\08_Private_Inher.cpp">
      <Filter>소스 파일\p1103</Filter>
    </ClCompile>
    <ClCompile Include="p1106\lab1.cpp">
      <Filter>소스 파일\p1106</Filter>
    </ClCompile>
  </ItemGroup>
</Project>