<?xml version="1.0" encoding="utf-8"?>
<Project ToolsVersion="4.0" xmlns="http://schemas.microsoft.com/developer/msbuild/2003">
  <ItemGroup>
    <Filter Include="소스 파일">
      <UniqueIdentifier>{4FC737F1-C7A5-4376-A066-2A32D752A2FF}</UniqueIdentifier>
      <Extensions>cpp;c;cc;cxx;c++;cppm;ixx;def;odl;idl;hpj;bat;asm;asmx</Extensions>
    </Filter>
    <Filter Include="헤더 파일">
      <UniqueIdentifier>{93995380-89BD-4b04-88EB-625FBE52EBFB}</UniqueIdentifier>
      <Extensions>h;hh;hpp;hxx;h++;hm;inl;inc;ipp;xsd</Extensions>
    </Filter>
    <Filter Include="리소스 파일">
      <UniqueIdentifier>{67DA6AB6-F800-4c08-8B7A-83BB121AAD01}</UniqueIdentifier>
      <Extensions>rc;ico;cur;bmp;dlg;rc2;rct;bin;rgs;gif;jpg;jpeg;jpe;resx;tiff;tif;png;wav;mfcribbon-ms</Extensions>
    </Filter>
    <Filter Include="소스 파일\p0911">
      <UniqueIdentifier>{245d2e6d-39d6-42a2-8a1f-5dae3f7bb140}</UniqueIdentifier>
    </Filter>
    <Filter Include="소스 파일\p0916">
      <UniqueIdentifier>{edebd464-50a3-4494-85a3-50eb06dfe2d2}</UniqueIdentifier>
    </Filter>
    <Filter Include="소스 파일\p0929">
      <UniqueIdentifier>{09f081a6-8264-4e02-b87f-2ed145d555a5}</UniqueIdentifier>
    </Filter>
    <Filter Include="소스 파일\p1007">
      <UniqueIdentifier>{338bd2bc-5fb1-407e-a16b-b5f6a330f871}</UniqueIdentifier>
    </Filter>
    <Filter Include="소스 파일\p1016">
      <UniqueIdentifier>{071f1297-ed0a-4ebb-a77b-b8377dd8eb07}</UniqueIdentifier>
    </Filter>
    <Filter Include="소스 파일\p1029">
      <UniqueIdentifier>{0ffc43bf-0cbb-4d1e-ab49-92c5a823fe20}</UniqueIdentifier>
    </Filter>
    <Filter Include="소스 파일\p1106">
      <UniqueIdentifier>{1ed46c82-6a0b-45c1-af70-796b28e0fa34}</UniqueIdentifier>
    </Filter>
  </ItemGroup>
  <ItemGroup>
    <ClCompile Include="p0911\lab1.c">
      <Filter>소스 파일\p0911</Filter>
    </ClCompile>
    <ClCompile Include="p0911\lab2.c">
      <Filter>소스 파일\p0911</Filter>
    </ClCompile>
    <ClCompile Include="p0911\lab3.c">
      <Filter>소스 파일\p0911</Filter>
    </ClCompile>
    <ClCompile Include="p0916\Sum2.c">
      <Filter>소스 파일\p0916</Filter>
    </ClCompile>
    <ClCompile Include="p0916\Square1.c">
      <Filter>소스 파일\p0916</Filter>
    </ClCompile>
    <ClCompile Include="p0916\Square2.c">
      <Filter>소스 파일\p0916</Filter>
    </ClCompile>
    <ClCompile Include="p0929\lab1.c">
      <Filter>소스 파일\p0929</Filter>
    </ClCompile>
    <ClCompile Include="p0929\lab2.c">
      <Filter>소스 파일\p0929</Filter>
    </ClCompile>
    <ClCompile Include="p0929\lab3.c">
      <Filter>소스 파일\p0929</Filter>
    </ClCompile>
    <ClCompile Include="p0929\lab4.c">
      <Filter>소스 파일\p0929</Filter>
    </ClCompile>
    <ClCompile Include="p1007\lab1.c">
      <Filter>소스 파일\p1007</Filter>
    </ClCompile>
    <ClCompile Include="p1007\lab2.c">
      <Filter>소스 파일\p1007</Filter>
    </ClCompile>
    <ClCompile Include="p1007\lab3.c">
      <Filter>소스 파일\p1007</Filter>
    </ClCompile>
    <ClCompile Include="p1007\lab4.c">
      <Filter>소스 파일\p1007</Filter>
    </ClCompile>
    <ClCompile Include="p1016\lab3.c">
      <Filter>소스 파일\p1016</Filter>
    </ClCompile>
    <ClCompile Include="p1016\lab7.c">
      <Filter>소스 파일\p1016</Filter>
    </ClCompile>
    <ClCompile Include="p1016\lab9.c">
      <Filter>소스 파일\p1016</Filter>
    </ClCompile>
    <ClCompile Include="p1029\lab3.c">
      <Filter>소스 파일\p1029</Filter>
    </ClCompile>
    <ClCompile Include="p1029\lab7.c">
      <Filter>소스 파일\p1029</Filter>
    </ClCompile>
    <ClCompile Include="p1029\lab9.c">
      <Filter>소스 파일\p1029</Filter>
    </ClCompile>
    <ClCompile Include="p1106\lab2.c">
      <Filter>소스 파일\p1106</Filter>
    </ClCompile>
    <ClCompile Include="p1106\lab7.c">
      <Filter>소스 파일\p1106</Filter>
    </ClCompile>
    <ClCompile Include="p1106\lab8.c">
      <Filter>소스 파일\p1106</Filter>
    </ClCompile>
  </ItemGroup>
</Project>